
Microsoft Visual Studio Solution File, Format Version 12.00
# Visual Studio Version 17
VisualStudioVersion = 17.6.33829.357
MinimumVisualStudioVersion = 10.0.40219.1
Project("{FAE04EC0-301F-11D3-BF4B-00C04F79EFBC}") = "Project_GIS_Login", "Project_GIS_Login\Project_GIS_Login.csproj", "{6563819D-E2F6-4D9F-8D53-F5253F4968E9}"
EndProject
Global
	GlobalSection(SolutionConfigurationPlatforms) = preSolution
		Debug|Any CPU = Debug|Any CPU
		Release|Any CPU = Release|Any CPU
	EndGlobalSection
	GlobalSection(ProjectConfigurationPlatforms) = postSolution
		{6563819D-E2F6-4D9F-8D53-F5253F4968E9}.Debug|Any CPU.ActiveCfg = Debug|Any CPU
		{6563819D-E2F6-4D9F-8D53-F5253F4968E9}.Debug|Any CPU.Build.0 = Debug|Any CPU
		{6563819D-E2F6-4D9F-8D53-F5253F4968E9}.Release|Any CPU.ActiveCfg = Release|Any CPU
		{6563819D-E2F6-4D9F-8D53-F5253F4968E9}.Release|Any CPU.Build.0 = Release|Any CPU
	EndGlobalSection
	GlobalSection(SolutionProperties) = preSolution
		HideSolutionNode = FALSE
	EndGlobalSection
	GlobalSection(ExtensibilityGlobals) = postSolution
		SolutionGuid = {4DC4A01A-D1E5-4100-B815-84B324FEAD5A}
	EndGlobalSection
EndGlobal
